// !$*UTF8*$!
{
	archiveVersion = 1;
	classes = {
	};
	objectVersion = 50;
	objects = {

/* Begin PBXBuildFile section */
		AE64740E24B7673F00CE9454 /* AppDelegate.swift in Sources */ = {isa = PBXBuildFile; fileRef = AE64740D24B7673F00CE9454 /* AppDelegate.swift */; };
		AE64741024B7673F00CE9454 /* SceneDelegate.swift in Sources */ = {isa = PBXBuildFile; fileRef = AE64740F24B7673F00CE9454 /* SceneDelegate.swift */; };
		AE64741224B7673F00CE9454 /* ContentView.swift in Sources */ = {isa = PBXBuildFile; fileRef = AE64741124B7673F00CE9454 /* ContentView.swift */; };
		AE64741424B7674300CE9454 /* Assets.xcassets in Resources */ = {isa = PBXBuildFile; fileRef = AE64741324B7674300CE9454 /* Assets.xcassets */; };
		AE64741724B7674300CE9454 /* Preview Assets.xcassets in Resources */ = {isa = PBXBuildFile; fileRef = AE64741624B7674300CE9454 /* Preview Assets.xcassets */; };
		AE64741A24B7674300CE9454 /* LaunchScreen.storyboard in Resources */ = {isa = PBXBuildFile; fileRef = AE64741824B7674300CE9454 /* LaunchScreen.storyboard */; };
		AE64742324B76BE900CE9454 /* Pacifico-Regular.ttf in Resources */ = {isa = PBXBuildFile; fileRef = AE64742224B76BE900CE9454 /* Pacifico-Regular.ttf */; };
		AE64742724B77BAA00CE9454 /* InfoView.swift in Sources */ = {isa = PBXBuildFile; fileRef = AE64742624B77BAA00CE9454 /* InfoView.swift */; };
/* End PBXBuildFile section */

/* Begin PBXFileReference section */
		AE64740A24B7673F00CE9454 /* KantemirCard.app */ = {isa = PBXFileReference; explicitFileType = wrapper.application; includeInIndex = 0; path = KantemirCard.app; sourceTree = BUILT_PRODUCTS_DIR; };
		AE64740D24B7673F00CE9454 /* AppDelegate.swift */ = {isa = PBXFileReference; lastKnownFileType = sourcecode.swift; path = AppDelegate.swift; sourceTree = "<group>"; };
		AE64740F24B7673F00CE9454 /* SceneDelegate.swift */ = {isa = PBXFileReference; lastKnownFileType = sourcecode.swift; path = SceneDelegate.swift; sourceTree = "<group>"; };
		AE64741124B7673F00CE9454 /* ContentView.swift */ = {isa = PBXFileReference; lastKnownFileType = sourcecode.swift; path = ContentView.swift; sourceTree = "<group>"; };
		AE64741324B7674300CE9454 /* Assets.xcassets */ = {isa = PBXFileReference; lastKnownFileType = folder.assetcatalog; path = Assets.xcassets; sourceTree = "<group>"; };
		AE64741624B7674300CE9454 /* Preview Assets.xcassets */ = {isa = PBXFileReference; lastKnownFileType = folder.assetcatalog; path = "Preview Assets.xcassets"; sourceTree = "<group>"; };
		AE64741924B7674300CE9454 /* Base */ = {isa = PBXFileReference; lastKnownFileType = file.storyboard; name = Base; path = Base.lproj/LaunchScreen.storyboard; sourceTree = "<group>"; };
		AE64741B24B7674300CE9454 /* Info.plist */ = {isa = PBXFileReference; lastKnownFileType = text.plist.xml; path = Info.plist; sourceTree = "<group>"; };
		AE64742224B76BE900CE9454 /* Pacifico-Regular.ttf */ = {isa = PBXFileReference; lastKnownFileType = file; path = "Pacifico-Regular.ttf"; sourceTree = "<group>"; };
		AE64742624B77BAA00CE9454 /* InfoView.swift */ = {isa = PBXFileReference; lastKnownFileType = sourcecode.swift; path = InfoView.swift; sourceTree = "<group>"; };
/* End PBXFileReference section */

/* Begin PBXFrameworksBuildPhase section */
		AE64740724B7673F00CE9454 /* Frameworks */ = {
			isa = PBXFrameworksBuildPhase;
			buildActionMask = 2147483647;
			files = (
			);
			runOnlyForDeploymentPostprocessing = 0;
		};
/* End PBXFrameworksBuildPhase section */

/* Begin PBXGroup section */
		AE64740124B7673F00CE9454 = {
			isa = PBXGroup;
			children = (
				AE64740C24B7673F00CE9454 /* KantemirCard */,
				AE64740B24B7673F00CE9454 /* Products */,
			);
			sourceTree = "<group>";
		};
		AE64740B24B7673F00CE9454 /* Products */ = {
			isa = PBXGroup;
			children = (
				AE64740A24B7673F00CE9454 /* KantemirCard.app */,
			);
			name = Products;
			sourceTree = "<group>";
		};
		AE64740C24B7673F00CE9454 /* KantemirCard */ = {
			isa = PBXGroup;
			children = (
				AE64742124B76BBC00CE9454 /* Fonts */,
				AE64740D24B7673F00CE9454 /* AppDelegate.swift */,
				AE64740F24B7673F00CE9454 /* SceneDelegate.swift */,
				AE64741124B7673F00CE9454 /* ContentView.swift */,
				AE64742624B77BAA00CE9454 /* InfoView.swift */,
				AE64741324B7674300CE9454 /* Assets.xcassets */,
				AE64741824B7674300CE9454 /* LaunchScreen.storyboard */,
				AE64741B24B7674300CE9454 /* Info.plist */,
				AE64741524B7674300CE9454 /* Preview Content */,
			);
			path = KantemirCard;
			sourceTree = "<group>";
		};
		AE64741524B7674300CE9454 /* Preview Content */ = {
			isa = PBXGroup;
			children = (
				AE64741624B7674300CE9454 /* Preview Assets.xcassets */,
			);
			path = "Preview Content";
			sourceTree = "<group>";
		};
		AE64742124B76BBC00CE9454 /* Fonts */ = {
			isa = PBXGroup;
			children = (
				AE64742224B76BE900CE9454 /* Pacifico-Regular.ttf */,
			);
			path = Fonts;
			sourceTree = "<group>";
		};
/* End PBXGroup section */

/* Begin PBXNativeTarget section */
		AE64740924B7673F00CE9454 /* KantemirCard */ = {
			isa = PBXNativeTarget;
			buildConfigurationList = AE64741E24B7674300CE9454 /* Build configuration list for PBXNativeTarget "KantemirCard" */;
			buildPhases = (
				AE64740624B7673F00CE9454 /* Sources */,
				AE64740724B7673F00CE9454 /* Frameworks */,
				AE64740824B7673F00CE9454 /* Resources */,
			);
			buildRules = (
			);
			dependencies = (
			);
			name = KantemirCard;
			productName = KantemirCard;
			productReference = AE64740A24B7673F00CE9454 /* KantemirCard.app */;
			productType = "com.apple.product-type.application";
		};
/* End PBXNativeTarget section */

/* Begin PBXProject section */
		AE64740224B7673F00CE9454 /* Project object */ = {
			isa = PBXProject;
			attributes = {
				LastSwiftUpdateCheck = 1150;
				LastUpgradeCheck = 1150;
				ORGANIZATIONNAME = "Kantemir Vologirov";
				TargetAttributes = {
					AE64740924B7673F00CE9454 = {
						CreatedOnToolsVersion = 11.5;
					};
				};
			};
			buildConfigurationList = AE64740524B7673F00CE9454 /* Build configuration list for PBXProject "KantemirCard" */;
			compatibilityVersion = "Xcode 9.3";
			developmentRegion = en;
			hasScannedForEncodings = 0;
			knownRegions = (
				en,
				Base,
			);
			mainGroup = AE64740124B7673F00CE9454;
			productRefGroup = AE64740B24B7673F00CE9454 /* Products */;
			projectDirPath = "";
			projectRoot = "";
			targets = (
				AE64740924B7673F00CE9454 /* KantemirCard */,
			);
		};
/* End PBXProject section */

/* Begin PBXResourcesBuildPhase section */
		AE64740824B7673F00CE9454 /* Resources */ = {
			isa = PBXResourcesBuildPhase;
			buildActionMask = 2147483647;
			files = (
				AE64741A24B7674300CE9454 /* LaunchScreen.storyboard in Resources */,
				AE64742324B76BE900CE9454 /* Pacifico-Regular.ttf in Resources */,
				AE64741724B7674300CE9454 /* Preview Assets.xcassets in Resources */,
				AE64741424B7674300CE9454 /* Assets.xcassets in Resources */,
			);
			runOnlyForDeploymentPostprocessing = 0;
		};
/* End PBXResourcesBuildPhase section */

/* Begin PBXSourcesBuildPhase section */
		AE64740624B7673F00CE9454 /* Sources */ = {
			isa = PBXSourcesBuildPhase;
			buildActionMask = 2147483647;
			files = (
				AE64742724B77BAA00CE9454 /* InfoView.swift in Sources */,
				AE64740E24B7673F00CE9454 /* AppDelegate.swift in Sources */,
				AE64741024B7673F00CE9454 /* SceneDelegate.swift in Sources */,
				AE64741224B7673F00CE9454 /* ContentView.swift in Sources */,
			);
			runOnlyForDeploymentPostprocessing = 0;
		};
/* End PBXSourcesBuildPhase section */

/* Begin PBXVariantGroup section */
		AE64741824B7674300CE9454 /* LaunchScreen.storyboard */ = {
			isa = PBXVariantGroup;
			children = (
				AE64741924B7674300CE9454 /* Base */,
			);
			name = LaunchScreen.storyboard;
			sourceTree = "<group>";
		};
/* End PBXVariantGroup section */

/* Begin XCBuildConfiguration section */
		AE64741C24B7674300CE9454 /* Debug */ = {
			isa = XCBuildConfiguration;
			buildSettings = {
				ALWAYS_SEARCH_USER_PATHS = NO;
				CLANG_ANALYZER_NONNULL = YES;
				CLANG_ANALYZER_NUMBER_OBJECT_CONVERSION = YES_AGGRESSIVE;
				CLANG_CXX_LANGUAGE_STANDARD = "gnu++14";
				CLANG_CXX_LIBRARY = "libc++";
				CLANG_ENABLE_MODULES = YES;
				CLANG_ENABLE_OBJC_ARC = YES;
				CLANG_ENABLE_OBJC_WEAK = YES;
				CLANG_WARN_BLOCK_CAPTURE_AUTORELEASING = YES;
				CLANG_WARN_BOOL_CONVERSION = YES;
				CLANG_WARN_COMMA = YES;
				CLANG_WARN_CONSTANT_CONVERSION = YES;
				CLANG_WARN_DEPRECATED_OBJC_IMPLEMENTATIONS = YES;
				CLANG_WARN_DIRECT_OBJC_ISA_USAGE = YES_ERROR;
				CLANG_WARN_DOCUMENTATION_COMMENTS = YES;
				CLANG_WARN_EMPTY_BODY = YES;
				CLANG_WARN_ENUM_CONVERSION = YES;
				CLANG_WARN_INFINITE_RECURSION = YES;
				CLANG_WARN_INT_CONVERSION = YES;
				CLANG_WARN_NON_LITERAL_NULL_CONVERSION = YES;
				CLANG_WARN_OBJC_IMPLICIT_RETAIN_SELF = YES;
				CLANG_WARN_OBJC_LITERAL_CONVERSION = YES;
				CLANG_WARN_OBJC_ROOT_CLASS = YES_ERROR;
				CLANG_WARN_RANGE_LOOP_ANALYSIS = YES;
				CLANG_WARN_STRICT_PROTOTYPES = YES;
				CLANG_WARN_SUSPICIOUS_MOVE = YES;
				CLANG_WARN_UNGUARDED_AVAILABILITY = YES_AGGRESSIVE;
				CLANG_WARN_UNREACHABLE_CODE = YES;
				CLANG_WARN__DUPLICATE_METHOD_MATCH = YES;
				COPY_PHASE_STRIP = NO;
				DEBUG_INFORMATION_FORMAT = dwarf;
				ENABLE_STRICT_OBJC_MSGSEND = YES;
				ENABLE_TESTABILITY = YES;
				GCC_C_LANGUAGE_STANDARD = gnu11;
				GCC_DYNAMIC_NO_PIC = NO;
				GCC_NO_COMMON_BLOCKS = YES;
				GCC_OPTIMIZATION_LEVEL = 0;
				GCC_PREPROCESSOR_DEFINITIONS = (
					"DEBUG=1",
					"$(inherited)",
				);
				GCC_WARN_64_TO_32_BIT_CONVERSION = YES;
				GCC_WARN_ABOUT_RETURN_TYPE = YES_ERROR;
				GCC_WARN_UNDECLARED_SELECTOR = YES;
				GCC_WARN_UNINITIALIZED_AUTOS = YES_AGGRESSIVE;
				GCC_WARN_UNUSED_FUNCTION = YES;
				GCC_WARN_UNUSED_VARIABLE = YES;
				IPHONEOS_DEPLOYMENT_TARGET = 13.5;
				MTL_ENABLE_DEBUG_INFO = INCLUDE_SOURCE;
				MTL_FAST_MATH = YES;
				ONLY_ACTIVE_ARCH = YES;
				SDKROOT = iphoneos;
				SWIFT_ACTIVE_COMPILATION_CONDITIONS = DEBUG;
				SWIFT_OPTIMIZATION_LEVEL = "-Onone";
			};
			name = Debug;
		};
		AE64741D24B7674300CE9454 /* Release */ = {
			isa = XCBuildConfiguration;
			buildSettings = {
				ALWAYS_SEARCH_USER_PATHS = NO;
				CLANG_ANALYZER_NONNULL = YES;
				CLANG_ANALYZER_NUMBER_OBJECT_CONVERSION = YES_AGGRESSIVE;
				CLANG_CXX_LANGUAGE_STANDARD = "gnu++14";
				CLANG_CXX_LIBRARY = "libc++";
				CLANG_ENABLE_MODULES = YES;
				CLANG_ENABLE_OBJC_ARC = YES;
				CLANG_ENABLE_OBJC_WEAK = YES;
				CLANG_WARN_BLOCK_CAPTURE_AUTORELEASING = YES;
				CLANG_WARN_BOOL_CONVERSION = YES;
				CLANG_WARN_COMMA = YES;
				CLANG_WARN_CONSTANT_CONVERSION = YES;
				CLANG_WARN_DEPRECATED_OBJC_IMPLEMENTATIONS = YES;
				CLANG_WARN_DIRECT_OBJC_ISA_USAGE = YES_ERROR;
				CLANG_WARN_DOCUMENTATION_COMMENTS = YES;
				CLANG_WARN_EMPTY_BODY = YES;
				CLANG_WARN_ENUM_CONVERSION = YES;
				CLANG_WARN_INFINITE_RECURSION = YES;
				CLANG_WARN_INT_CONVERSION = YES;
				CLANG_WARN_NON_LITERAL_NULL_CONVERSION = YES;
				CLANG_WARN_OBJC_IMPLICIT_RETAIN_SELF = YES;
				CLANG_WARN_OBJC_LITERAL_CONVERSION = YES;
				CLANG_WARN_OBJC_ROOT_CLASS = YES_ERROR;
				CLANG_WARN_RANGE_LOOP_ANALYSIS = YES;
				CLANG_WARN_STRICT_PROTOTYPES = YES;
				CLANG_WARN_SUSPICIOUS_MOVE = YES;
				CLANG_WARN_UNGUARDED_AVAILABILITY = YES_AGGRESSIVE;
				CLANG_WARN_UNREACHABLE_CODE = YES;
				CLANG_WARN__DUPLICATE_METHOD_MATCH = YES;
				COPY_PHASE_STRIP = NO;
				DEBUG_INFORMATION_FORMAT = "dwarf-with-dsym";
				ENABLE_NS_ASSERTIONS = NO;
				ENABLE_STRICT_OBJC_MSGSEND = YES;
				GCC_C_LANGUAGE_STANDARD = gnu11;
				GCC_NO_COMMON_BLOCKS = YES;
				GCC_WARN_64_TO_32_BIT_CONVERSION = YES;
				GCC_WARN_ABOUT_RETURN_TYPE = YES_ERROR;
				GCC_WARN_UNDECLARED_SELECTOR = YES;
				GCC_WARN_UNINITIALIZED_AUTOS = YES_AGGRESSIVE;
				GCC_WARN_UNUSED_FUNCTION = YES;
				GCC_WARN_UNUSED_VARIABLE = YES;
				IPHONEOS_DEPLOYMENT_TARGET = 13.5;
				MTL_ENABLE_DEBUG_INFO = NO;
				MTL_FAST_MATH = YES;
				SDKROOT = iphoneos;
				SWIFT_COMPILATION_MODE = wholemodule;
				SWIFT_OPTIMIZATION_LEVEL = "-O";
				VALIDATE_PRODUCT = YES;
			};
			name = Release;
		};
		AE64741F24B7674300CE9454 /* Debug */ = {
			isa = XCBuildConfiguration;
			buildSettings = {
				ASSETCATALOG_COMPILER_APPICON_NAME = AppIcon;
				CODE_SIGN_STYLE = Automatic;
				DEVELOPMENT_ASSET_PATHS = "\"KantemirCard/Preview Content\"";
				DEVELOPMENT_TEAM = D6B69W56R4;
				ENABLE_PREVIEWS = YES;
				INFOPLIST_FILE = KantemirCard/Info.plist;
				LD_RUNPATH_SEARCH_PATHS = (
					"$(inherited)",
					"@executable_path/Frameworks",
				);
				PRODUCT_BUNDLE_IDENTIFIER = com.kantemirvologirov.KantemirCard;
				PRODUCT_NAME = "$(TARGET_NAME)";
				SWIFT_VERSION = 5.0;
				TARGETED_DEVICE_FAMILY = "1,2";
			};
			name = Debug;
		};
		AE64742024B7674300CE9454 /* Release */ = {
			isa = XCBuildConfiguration;
			buildSettings = {
				ASSETCATALOG_COMPILER_APPICON_NAME = AppIcon;
				CODE_SIGN_STYLE = Automatic;
				DEVELOPMENT_ASSET_PATHS = "\"KantemirCard/Preview Content\"";
				DEVELOPMENT_TEAM = D6B69W56R4;
				ENABLE_PREVIEWS = YES;
				INFOPLIST_FILE = KantemirCard/Info.plist;
				LD_RUNPATH_SEARCH_PATHS = (
					"$(inherited)",
					"@executable_path/Frameworks",
				);
				PRODUCT_BUNDLE_IDENTIFIER = com.kantemirvologirov.KantemirCard;
				PRODUCT_NAME = "$(TARGET_NAME)";
				SWIFT_VERSION = 5.0;
				TARGETED_DEVICE_FAMILY = "1,2";
			};
			name = Release;
		};
/* End XCBuildConfiguration section */

/* Begin XCConfigurationList section */
		AE64740524B7673F00CE9454 /* Build configuration list for PBXProject "KantemirCard" */ = {
			isa = XCConfigurationList;
			buildConfigurations = (
				AE64741C24B7674300CE9454 /* Debug */,
				AE64741D24B7674300CE9454 /* Release */,
			);
			defaultConfigurationIsVisible = 0;
			defaultConfigurationName = Release;
		};
		AE64741E24B7674300CE9454 /* Build configuration list for PBXNativeTarget "KantemirCard" */ = {
			isa = XCConfigurationList;
			buildConfigurations = (
				AE64741F24B7674300CE9454 /* Debug */,
				AE64742024B7674300CE9454 /* Release */,
			);
			defaultConfigurationIsVisible = 0;
			defaultConfigurationName = Release;
		};
/* End XCConfigurationList section */
	};
	rootObject = AE64740224B7673F00CE9454 /* Project object */;
}
